// !$*UTF8*$!
{
	archiveVersion = 1;
	classes = {
	};
	objectVersion = 50;
	objects = {

/* Begin PBXBuildFile section */
		283957812181BC7800FDB4C0 /* OutsideLogic.swift in Sources */ = {isa = PBXBuildFile; fileRef = 283957802181BC7800FDB4C0 /* OutsideLogic.swift */; };
		283957832181BD4A00FDB4C0 /* OutsiderStruct.swift in Sources */ = {isa = PBXBuildFile; fileRef = 283957822181BD4A00FDB4C0 /* OutsiderStruct.swift */; };
		28F46E00216F4537001FC7AF /* AppDelegate.swift in Sources */ = {isa = PBXBuildFile; fileRef = 28F46DFF216F4537001FC7AF /* AppDelegate.swift */; };
		28F46E02216F4537001FC7AF /* MenuViewController.swift in Sources */ = {isa = PBXBuildFile; fileRef = 28F46E01216F4537001FC7AF /* MenuViewController.swift */; };
		28F46E04216F4537001FC7AF /* SecondViewController.swift in Sources */ = {isa = PBXBuildFile; fileRef = 28F46E03216F4537001FC7AF /* SecondViewController.swift */; };
		28F46E07216F4537001FC7AF /* Main.storyboard in Resources */ = {isa = PBXBuildFile; fileRef = 28F46E05216F4537001FC7AF /* Main.storyboard */; };
		28F46E09216F453B001FC7AF /* Assets.xcassets in Resources */ = {isa = PBXBuildFile; fileRef = 28F46E08216F453B001FC7AF /* Assets.xcassets */; };
		28F46E0C216F453B001FC7AF /* LaunchScreen.storyboard in Resources */ = {isa = PBXBuildFile; fileRef = 28F46E0A216F453B001FC7AF /* LaunchScreen.storyboard */; };
		DD5EA4BF21A2C6FC00BAF5B4 /* (null) in Sources */ = {isa = PBXBuildFile; };
		DDA39EF221A2EB26003051AA /* SharedValues.swift in Sources */ = {isa = PBXBuildFile; fileRef = DDA39EF121A2EB26003051AA /* SharedValues.swift */; };
		E350641E21A2E2F200B3B2B5 /* menutheme.mp3 in Resources */ = {isa = PBXBuildFile; fileRef = E350641C21A2E2F100B3B2B5 /* menutheme.mp3 */; };
		E350641F21A2E2F200B3B2B5 /* button1.wav in Resources */ = {isa = PBXBuildFile; fileRef = E350641D21A2E2F100B3B2B5 /* button1.wav */; };
		E359EC5E21788E060030AFB8 /* MapKitViewController.swift in Sources */ = {isa = PBXBuildFile; fileRef = E359EC5D21788E060030AFB8 /* MapKitViewController.swift */; };
		E359EC6121789DA80030AFB8 /* MapLogic.swift in Sources */ = {isa = PBXBuildFile; fileRef = E359EC6021789DA80030AFB8 /* MapLogic.swift */; };
		F6DB6D1D1694886B4A112977 /* Pods_Puzzled_Pirates.framework in Frameworks */ = {isa = PBXBuildFile; fileRef = 6E8AAAA6A5746899E0AD4638 /* Pods_Puzzled_Pirates.framework */; };
/* End PBXBuildFile section */

/* Begin PBXFileReference section */
		283957802181BC7800FDB4C0 /* OutsideLogic.swift */ = {isa = PBXFileReference; lastKnownFileType = sourcecode.swift; path = OutsideLogic.swift; sourceTree = "<group>"; };
		283957822181BD4A00FDB4C0 /* OutsiderStruct.swift */ = {isa = PBXFileReference; lastKnownFileType = sourcecode.swift; path = OutsiderStruct.swift; sourceTree = "<group>"; };
		28F46DFC216F4537001FC7AF /* Puzzled Pirates.app */ = {isa = PBXFileReference; explicitFileType = wrapper.application; includeInIndex = 0; path = "Puzzled Pirates.app"; sourceTree = BUILT_PRODUCTS_DIR; };
		28F46DFF216F4537001FC7AF /* AppDelegate.swift */ = {isa = PBXFileReference; lastKnownFileType = sourcecode.swift; path = AppDelegate.swift; sourceTree = "<group>"; };
		28F46E01216F4537001FC7AF /* MenuViewController.swift */ = {isa = PBXFileReference; lastKnownFileType = sourcecode.swift; path = MenuViewController.swift; sourceTree = "<group>"; };
		28F46E03216F4537001FC7AF /* SecondViewController.swift */ = {isa = PBXFileReference; lastKnownFileType = sourcecode.swift; path = SecondViewController.swift; sourceTree = "<group>"; };
		28F46E06216F4537001FC7AF /* Base */ = {isa = PBXFileReference; lastKnownFileType = file.storyboard; name = Base; path = Base.lproj/Main.storyboard; sourceTree = "<group>"; };
		28F46E08216F453B001FC7AF /* Assets.xcassets */ = {isa = PBXFileReference; lastKnownFileType = folder.assetcatalog; path = Assets.xcassets; sourceTree = "<group>"; };
		28F46E0B216F453B001FC7AF /* Base */ = {isa = PBXFileReference; lastKnownFileType = file.storyboard; name = Base; path = Base.lproj/LaunchScreen.storyboard; sourceTree = "<group>"; };
		28F46E0D216F453B001FC7AF /* Info.plist */ = {isa = PBXFileReference; lastKnownFileType = text.plist.xml; path = Info.plist; sourceTree = "<group>"; };
		50308FD378826148D1EB16C4 /* Pods-Puzzled Pirates.debug.xcconfig */ = {isa = PBXFileReference; includeInIndex = 1; lastKnownFileType = text.xcconfig; name = "Pods-Puzzled Pirates.debug.xcconfig"; path = "Pods/Target Support Files/Pods-Puzzled Pirates/Pods-Puzzled Pirates.debug.xcconfig"; sourceTree = "<group>"; };
		6E8AAAA6A5746899E0AD4638 /* Pods_Puzzled_Pirates.framework */ = {isa = PBXFileReference; explicitFileType = wrapper.framework; includeInIndex = 0; path = Pods_Puzzled_Pirates.framework; sourceTree = BUILT_PRODUCTS_DIR; };
		DDA39EF121A2EB26003051AA /* SharedValues.swift */ = {isa = PBXFileReference; fileEncoding = 4; lastKnownFileType = sourcecode.swift; path = SharedValues.swift; sourceTree = "<group>"; };
		E350641C21A2E2F100B3B2B5 /* menutheme.mp3 */ = {isa = PBXFileReference; lastKnownFileType = audio.mp3; path = menutheme.mp3; sourceTree = "<group>"; };
		E350641D21A2E2F100B3B2B5 /* button1.wav */ = {isa = PBXFileReference; lastKnownFileType = audio.wav; path = button1.wav; sourceTree = "<group>"; };
		E359EC5D21788E060030AFB8 /* MapKitViewController.swift */ = {isa = PBXFileReference; lastKnownFileType = sourcecode.swift; path = MapKitViewController.swift; sourceTree = "<group>"; };
		E359EC6021789DA80030AFB8 /* MapLogic.swift */ = {isa = PBXFileReference; lastKnownFileType = sourcecode.swift; path = MapLogic.swift; sourceTree = "<group>"; };
		FC9EFD4F6DB56459F77AADF9 /* Pods-Puzzled Pirates.release.xcconfig */ = {isa = PBXFileReference; includeInIndex = 1; lastKnownFileType = text.xcconfig; name = "Pods-Puzzled Pirates.release.xcconfig"; path = "Pods/Target Support Files/Pods-Puzzled Pirates/Pods-Puzzled Pirates.release.xcconfig"; sourceTree = "<group>"; };
/* End PBXFileReference section */

/* Begin PBXFrameworksBuildPhase section */
		28F46DF9216F4537001FC7AF /* Frameworks */ = {
			isa = PBXFrameworksBuildPhase;
			buildActionMask = 2147483647;
			files = (
				F6DB6D1D1694886B4A112977 /* Pods_Puzzled_Pirates.framework in Frameworks */,
			);
			runOnlyForDeploymentPostprocessing = 0;
		};
/* End PBXFrameworksBuildPhase section */

/* Begin PBXGroup section */
		030B382CDF0A7711BAAFE3B2 /* Pods */ = {
			isa = PBXGroup;
			children = (
				50308FD378826148D1EB16C4 /* Pods-Puzzled Pirates.debug.xcconfig */,
				FC9EFD4F6DB56459F77AADF9 /* Pods-Puzzled Pirates.release.xcconfig */,
			);
			name = Pods;
			sourceTree = "<group>";
		};
		28F46DF3216F4537001FC7AF = {
			isa = PBXGroup;
			children = (
				28F46DFE216F4537001FC7AF /* Puzzled Pirates */,
				28F46DFD216F4537001FC7AF /* Products */,
				030B382CDF0A7711BAAFE3B2 /* Pods */,
				67597B679D068B3D6D60CB9E /* Frameworks */,
			);
			sourceTree = "<group>";
		};
		28F46DFD216F4537001FC7AF /* Products */ = {
			isa = PBXGroup;
			children = (
				28F46DFC216F4537001FC7AF /* Puzzled Pirates.app */,
			);
			name = Products;
			sourceTree = "<group>";
		};
		28F46DFE216F4537001FC7AF /* Puzzled Pirates */ = {
			isa = PBXGroup;
			children = (
				E350641921A2D05A00B3B2B5 /* resources */,
				E359EC5F21789D3B0030AFB8 /* Map Files */,
				E32ACEC721A6ADB5008D2C41 /* Puzzle Files */,
				28F46DFF216F4537001FC7AF /* AppDelegate.swift */,
				28F46E01216F4537001FC7AF /* MenuViewController.swift */,
				28F46E05216F4537001FC7AF /* Main.storyboard */,
				28F46E08216F453B001FC7AF /* Assets.xcassets */,
				28F46E0A216F453B001FC7AF /* LaunchScreen.storyboard */,
				28F46E0D216F453B001FC7AF /* Info.plist */,
			);
			path = "Puzzled Pirates";
			sourceTree = "<group>";
		};
		67597B679D068B3D6D60CB9E /* Frameworks */ = {
			isa = PBXGroup;
			children = (
				6E8AAAA6A5746899E0AD4638 /* Pods_Puzzled_Pirates.framework */,
			);
			name = Frameworks;
			sourceTree = "<group>";
		};
		E32ACEC721A6ADB5008D2C41 /* Puzzle Files */ = {
			isa = PBXGroup;
			children = (
				283957822181BD4A00FDB4C0 /* OutsiderStruct.swift */,
				283957802181BC7800FDB4C0 /* OutsideLogic.swift */,
				28F46E03216F4537001FC7AF /* SecondViewController.swift */,
			);
			path = "Puzzle Files";
			sourceTree = "<group>";
		};
		E350641921A2D05A00B3B2B5 /* resources */ = {
			isa = PBXGroup;
			children = (
				E350641D21A2E2F100B3B2B5 /* button1.wav */,
				E350641C21A2E2F100B3B2B5 /* menutheme.mp3 */,
			);
			path = resources;
			sourceTree = "<group>";
		};
		E359EC5F21789D3B0030AFB8 /* Map Files */ = {
			isa = PBXGroup;
			children = (
				E359EC5D21788E060030AFB8 /* MapKitViewController.swift */,
				E359EC6021789DA80030AFB8 /* MapLogic.swift */,
				DDA39EF121A2EB26003051AA /* SharedValues.swift */,
			);
			path = "Map Files";
			sourceTree = "<group>";
		};
/* End PBXGroup section */

/* Begin PBXNativeTarget section */
		28F46DFB216F4537001FC7AF /* Puzzled Pirates */ = {
			isa = PBXNativeTarget;
			buildConfigurationList = 28F46E10216F453B001FC7AF /* Build configuration list for PBXNativeTarget "Puzzled Pirates" */;
			buildPhases = (
				CA8535B4B0D0A44EBD00E1C3 /* [CP] Check Pods Manifest.lock */,
				28F46DF8216F4537001FC7AF /* Sources */,
				28F46DF9216F4537001FC7AF /* Frameworks */,
				28F46DFA216F4537001FC7AF /* Resources */,
			);
			buildRules = (
			);
			dependencies = (
			);
			name = "Puzzled Pirates";
			productName = "Puzzled Pirates";
			productReference = 28F46DFC216F4537001FC7AF /* Puzzled Pirates.app */;
			productType = "com.apple.product-type.application";
		};
/* End PBXNativeTarget section */

/* Begin PBXProject section */
		28F46DF4216F4537001FC7AF /* Project object */ = {
			isa = PBXProject;
			attributes = {
				LastSwiftUpdateCheck = 1000;
				LastUpgradeCheck = 1000;
				ORGANIZATIONNAME = "University of Southern Denmark";
				TargetAttributes = {
					28F46DFB216F4537001FC7AF = {
						CreatedOnToolsVersion = 10.0;
					};
				};
			};
			buildConfigurationList = 28F46DF7216F4537001FC7AF /* Build configuration list for PBXProject "Puzzled Pirates" */;
			compatibilityVersion = "Xcode 9.3";
			developmentRegion = en;
			hasScannedForEncodings = 0;
			knownRegions = (
				en,
				Base,
			);
			mainGroup = 28F46DF3216F4537001FC7AF;
			productRefGroup = 28F46DFD216F4537001FC7AF /* Products */;
			projectDirPath = "";
			projectRoot = "";
			targets = (
				28F46DFB216F4537001FC7AF /* Puzzled Pirates */,
			);
		};
/* End PBXProject section */

/* Begin PBXResourcesBuildPhase section */
		28F46DFA216F4537001FC7AF /* Resources */ = {
			isa = PBXResourcesBuildPhase;
			buildActionMask = 2147483647;
			files = (
				28F46E0C216F453B001FC7AF /* LaunchScreen.storyboard in Resources */,
				E350641F21A2E2F200B3B2B5 /* button1.wav in Resources */,
				28F46E09216F453B001FC7AF /* Assets.xcassets in Resources */,
				28F46E07216F4537001FC7AF /* Main.storyboard in Resources */,
				E350641E21A2E2F200B3B2B5 /* menutheme.mp3 in Resources */,
			);
			runOnlyForDeploymentPostprocessing = 0;
		};
/* End PBXResourcesBuildPhase section */

/* Begin PBXShellScriptBuildPhase section */
		CA8535B4B0D0A44EBD00E1C3 /* [CP] Check Pods Manifest.lock */ = {
			isa = PBXShellScriptBuildPhase;
			buildActionMask = 2147483647;
			files = (
			);
			inputFileListPaths = (
			);
			inputPaths = (
				"${PODS_PODFILE_DIR_PATH}/Podfile.lock",
				"${PODS_ROOT}/Manifest.lock",
			);
			name = "[CP] Check Pods Manifest.lock";
			outputFileListPaths = (
			);
			outputPaths = (
				"$(DERIVED_FILE_DIR)/Pods-Puzzled Pirates-checkManifestLockResult.txt",
			);
			runOnlyForDeploymentPostprocessing = 0;
			shellPath = /bin/sh;
			shellScript = "diff \"${PODS_PODFILE_DIR_PATH}/Podfile.lock\" \"${PODS_ROOT}/Manifest.lock\" > /dev/null\nif [ $? != 0 ] ; then\n    # print error to STDERR\n    echo \"error: The sandbox is not in sync with the Podfile.lock. Run 'pod install' or update your CocoaPods installation.\" >&2\n    exit 1\nfi\n# This output is used by Xcode 'outputs' to avoid re-running this script phase.\necho \"SUCCESS\" > \"${SCRIPT_OUTPUT_FILE_0}\"\n";
			showEnvVarsInLog = 0;
		};
/* End PBXShellScriptBuildPhase section */

/* Begin PBXSourcesBuildPhase section */
		28F46DF8216F4537001FC7AF /* Sources */ = {
			isa = PBXSourcesBuildPhase;
			buildActionMask = 2147483647;
			files = (
				28F46E04216F4537001FC7AF /* SecondViewController.swift in Sources */,
				28F46E00216F4537001FC7AF /* AppDelegate.swift in Sources */,
				DD5EA4BF21A2C6FC00BAF5B4 /* (null) in Sources */,
				DDA39EF221A2EB26003051AA /* SharedValues.swift in Sources */,
				283957832181BD4A00FDB4C0 /* OutsiderStruct.swift in Sources */,
				E359EC5E21788E060030AFB8 /* MapKitViewController.swift in Sources */,
				E359EC6121789DA80030AFB8 /* MapLogic.swift in Sources */,
				283957812181BC7800FDB4C0 /* OutsideLogic.swift in Sources */,
				28F46E02216F4537001FC7AF /* MenuViewController.swift in Sources */,
			);
			runOnlyForDeploymentPostprocessing = 0;
		};
/* End PBXSourcesBuildPhase section */

/* Begin PBXVariantGroup section */
		28F46E05216F4537001FC7AF /* Main.storyboard */ = {
			isa = PBXVariantGroup;
			children = (
				28F46E06216F4537001FC7AF /* Base */,
			);
			name = Main.storyboard;
			sourceTree = "<group>";
		};
		28F46E0A216F453B001FC7AF /* LaunchScreen.storyboard */ = {
			isa = PBXVariantGroup;
			children = (
				28F46E0B216F453B001FC7AF /* Base */,
			);
			name = LaunchScreen.storyboard;
			sourceTree = "<group>";
		};
/* End PBXVariantGroup section */

/* Begin XCBuildConfiguration section */
		28F46E0E216F453B001FC7AF /* Debug */ = {
			isa = XCBuildConfiguration;
			buildSettings = {
				ALWAYS_SEARCH_USER_PATHS = NO;
				CLANG_ANALYZER_NONNULL = YES;
				CLANG_ANALYZER_NUMBER_OBJECT_CONVERSION = YES_AGGRESSIVE;
				CLANG_CXX_LANGUAGE_STANDARD = "gnu++14";
				CLANG_CXX_LIBRARY = "libc++";
				CLANG_ENABLE_MODULES = YES;
				CLANG_ENABLE_OBJC_ARC = YES;
				CLANG_ENABLE_OBJC_WEAK = YES;
				CLANG_WARN_BLOCK_CAPTURE_AUTORELEASING = YES;
				CLANG_WARN_BOOL_CONVERSION = YES;
				CLANG_WARN_COMMA = YES;
				CLANG_WARN_CONSTANT_CONVERSION = YES;
				CLANG_WARN_DEPRECATED_OBJC_IMPLEMENTATIONS = YES;
				CLANG_WARN_DIRECT_OBJC_ISA_USAGE = YES_ERROR;
				CLANG_WARN_DOCUMENTATION_COMMENTS = YES;
				CLANG_WARN_EMPTY_BODY = YES;
				CLANG_WARN_ENUM_CONVERSION = YES;
				CLANG_WARN_INFINITE_RECURSION = YES;
				CLANG_WARN_INT_CONVERSION = YES;
				CLANG_WARN_NON_LITERAL_NULL_CONVERSION = YES;
				CLANG_WARN_OBJC_IMPLICIT_RETAIN_SELF = YES;
				CLANG_WARN_OBJC_LITERAL_CONVERSION = YES;
				CLANG_WARN_OBJC_ROOT_CLASS = YES_ERROR;
				CLANG_WARN_RANGE_LOOP_ANALYSIS = YES;
				CLANG_WARN_STRICT_PROTOTYPES = YES;
				CLANG_WARN_SUSPICIOUS_MOVE = YES;
				CLANG_WARN_UNGUARDED_AVAILABILITY = YES_AGGRESSIVE;
				CLANG_WARN_UNREACHABLE_CODE = YES;
				CLANG_WARN__DUPLICATE_METHOD_MATCH = YES;
				CODE_SIGN_IDENTITY = "iPhone Developer";
				COPY_PHASE_STRIP = NO;
				DEBUG_INFORMATION_FORMAT = dwarf;
				ENABLE_STRICT_OBJC_MSGSEND = YES;
				ENABLE_TESTABILITY = YES;
				GCC_C_LANGUAGE_STANDARD = gnu11;
				GCC_DYNAMIC_NO_PIC = NO;
				GCC_NO_COMMON_BLOCKS = YES;
				GCC_OPTIMIZATION_LEVEL = 0;
				GCC_PREPROCESSOR_DEFINITIONS = (
					"DEBUG=1",
					"$(inherited)",
				);
				GCC_WARN_64_TO_32_BIT_CONVERSION = YES;
				GCC_WARN_ABOUT_RETURN_TYPE = YES_ERROR;
				GCC_WARN_UNDECLARED_SELECTOR = YES;
				GCC_WARN_UNINITIALIZED_AUTOS = YES_AGGRESSIVE;
				GCC_WARN_UNUSED_FUNCTION = YES;
				GCC_WARN_UNUSED_VARIABLE = YES;
				IPHONEOS_DEPLOYMENT_TARGET = 12.0;
				MTL_ENABLE_DEBUG_INFO = INCLUDE_SOURCE;
				MTL_FAST_MATH = YES;
				ONLY_ACTIVE_ARCH = YES;
				SDKROOT = iphoneos;
				SWIFT_ACTIVE_COMPILATION_CONDITIONS = DEBUG;
				SWIFT_OPTIMIZATION_LEVEL = "-Onone";
			};
			name = Debug;
		};
		28F46E0F216F453B001FC7AF /* Release */ = {
			isa = XCBuildConfiguration;
			buildSettings = {
				ALWAYS_SEARCH_USER_PATHS = NO;
				CLANG_ANALYZER_NONNULL = YES;
				CLANG_ANALYZER_NUMBER_OBJECT_CONVERSION = YES_AGGRESSIVE;
				CLANG_CXX_LANGUAGE_STANDARD = "gnu++14";
				CLANG_CXX_LIBRARY = "libc++";
				CLANG_ENABLE_MODULES = YES;
				CLANG_ENABLE_OBJC_ARC = YES;
				CLANG_ENABLE_OBJC_WEAK = YES;
				CLANG_WARN_BLOCK_CAPTURE_AUTORELEASING = YES;
				CLANG_WARN_BOOL_CONVERSION = YES;
				CLANG_WARN_COMMA = YES;
				CLANG_WARN_CONSTANT_CONVERSION = YES;
				CLANG_WARN_DEPRECATED_OBJC_IMPLEMENTATIONS = YES;
				CLANG_WARN_DIRECT_OBJC_ISA_USAGE = YES_ERROR;
				CLANG_WARN_DOCUMENTATION_COMMENTS = YES;
				CLANG_WARN_EMPTY_BODY = YES;
				CLANG_WARN_ENUM_CONVERSION = YES;
				CLANG_WARN_INFINITE_RECURSION = YES;
				CLANG_WARN_INT_CONVERSION = YES;
				CLANG_WARN_NON_LITERAL_NULL_CONVERSION = YES;
				CLANG_WARN_OBJC_IMPLICIT_RETAIN_SELF = YES;
				CLANG_WARN_OBJC_LITERAL_CONVERSION = YES;
				CLANG_WARN_OBJC_ROOT_CLASS = YES_ERROR;
				CLANG_WARN_RANGE_LOOP_ANALYSIS = YES;
				CLANG_WARN_STRICT_PROTOTYPES = YES;
				CLANG_WARN_SUSPICIOUS_MOVE = YES;
				CLANG_WARN_UNGUARDED_AVAILABILITY = YES_AGGRESSIVE;
				CLANG_WARN_UNREACHABLE_CODE = YES;
				CLANG_WARN__DUPLICATE_METHOD_MATCH = YES;
				CODE_SIGN_IDENTITY = "iPhone Developer";
				COPY_PHASE_STRIP = NO;
				DEBUG_INFORMATION_FORMAT = "dwarf-with-dsym";
				ENABLE_NS_ASSERTIONS = NO;
				ENABLE_STRICT_OBJC_MSGSEND = YES;
				GCC_C_LANGUAGE_STANDARD = gnu11;
				GCC_NO_COMMON_BLOCKS = YES;
				GCC_WARN_64_TO_32_BIT_CONVERSION = YES;
				GCC_WARN_ABOUT_RETURN_TYPE = YES_ERROR;
				GCC_WARN_UNDECLARED_SELECTOR = YES;
				GCC_WARN_UNINITIALIZED_AUTOS = YES_AGGRESSIVE;
				GCC_WARN_UNUSED_FUNCTION = YES;
				GCC_WARN_UNUSED_VARIABLE = YES;
				IPHONEOS_DEPLOYMENT_TARGET = 12.0;
				MTL_ENABLE_DEBUG_INFO = NO;
				MTL_FAST_MATH = YES;
				SDKROOT = iphoneos;
				SWIFT_COMPILATION_MODE = wholemodule;
				SWIFT_OPTIMIZATION_LEVEL = "-O";
				VALIDATE_PRODUCT = YES;
			};
			name = Release;
		};
		28F46E11216F453B001FC7AF /* Debug */ = {
			isa = XCBuildConfiguration;
			baseConfigurationReference = 50308FD378826148D1EB16C4 /* Pods-Puzzled Pirates.debug.xcconfig */;
			buildSettings = {
				ASSETCATALOG_COMPILER_APPICON_NAME = AppIcon;
				CODE_SIGN_STYLE = Automatic;
				DEVELOPMENT_TEAM = XZR478GFSB;
				INFOPLIST_FILE = "Puzzled Pirates/Info.plist";
				LD_RUNPATH_SEARCH_PATHS = (
					"$(inherited)",
					"@executable_path/Frameworks",
				);
				PRODUCT_BUNDLE_IDENTIFIER = "sdu.iOS.Puzzled-Pirates";
				PRODUCT_NAME = "$(TARGET_NAME)";
				SWIFT_VERSION = 4.2;
				TARGETED_DEVICE_FAMILY = "1,2";
			};
			name = Debug;
		};
		28F46E12216F453B001FC7AF /* Release */ = {
			isa = XCBuildConfiguration;
			baseConfigurationReference = FC9EFD4F6DB56459F77AADF9 /* Pods-Puzzled Pirates.release.xcconfig */;
			buildSettings = {
				ASSETCATALOG_COMPILER_APPICON_NAME = AppIcon;
				CODE_SIGN_STYLE = Automatic;
				DEVELOPMENT_TEAM = XZR478GFSB;
				INFOPLIST_FILE = "Puzzled Pirates/Info.plist";
				LD_RUNPATH_SEARCH_PATHS = (
					"$(inherited)",
					"@executable_path/Frameworks",
				);
				PRODUCT_BUNDLE_IDENTIFIER = "sdu.iOS.Puzzled-Pirates";
				PRODUCT_NAME = "$(TARGET_NAME)";
				SWIFT_VERSION = 4.2;
				TARGETED_DEVICE_FAMILY = "1,2";
			};
			name = Release;
		};
/* End XCBuildConfiguration section */

/* Begin XCConfigurationList section */
		28F46DF7216F4537001FC7AF /* Build configuration list for PBXProject "Puzzled Pirates" */ = {
			isa = XCConfigurationList;
			buildConfigurations = (
				28F46E0E216F453B001FC7AF /* Debug */,
				28F46E0F216F453B001FC7AF /* Release */,
			);
			defaultConfigurationIsVisible = 0;
			defaultConfigurationName = Release;
		};
		28F46E10216F453B001FC7AF /* Build configuration list for PBXNativeTarget "Puzzled Pirates" */ = {
			isa = XCConfigurationList;
			buildConfigurations = (
				28F46E11216F453B001FC7AF /* Debug */,
				28F46E12216F453B001FC7AF /* Release */,
			);
			defaultConfigurationIsVisible = 0;
			defaultConfigurationName = Release;
		};
/* End XCConfigurationList section */
	};
	rootObject = 28F46DF4216F4537001FC7AF /* Project object */;
}
